
Microsoft Visual Studio Solution File, Format Version 12.00
# Visual Studio Version 17
VisualStudioVersion = 17.1.32210.238
MinimumVisualStudioVersion = 10.0.40219.1
Project("{FAE04EC0-301F-11D3-BF4B-00C04F79EFBC}") = "Soustavy", "Soustavy\Soustavy.csproj", "{F98B17F2-3A7B-495C-A380-EA30B180F974}"
EndProject
Global
	GlobalSection(SolutionConfigurationPlatforms) = preSolution
		Debug|Any CPU = Debug|Any CPU
		Release|Any CPU = Release|Any CPU
	EndGlobalSection
	GlobalSection(ProjectConfigurationPlatforms) = postSolution
		{F98B17F2-3A7B-495C-A380-EA30B180F974}.Debug|Any CPU.ActiveCfg = Debug|Any CPU
		{F98B17F2-3A7B-495C-A380-EA30B180F974}.Debug|Any CPU.Build.0 = Debug|Any CPU
		{F98B17F2-3A7B-495C-A380-EA30B180F974}.Release|Any CPU.ActiveCfg = Release|Any CPU
		{F98B17F2-3A7B-495C-A380-EA30B180F974}.Release|Any CPU.Build.0 = Release|Any CPU
	EndGlobalSection
	GlobalSection(SolutionProperties) = preSolution
		HideSolutionNode = FALSE
	EndGlobalSection
	GlobalSection(ExtensibilityGlobals) = postSolution
		SolutionGuid = {9096EEE3-34C3-4CB7-A610-EAE93B7CDC4A}
	EndGlobalSection
EndGlobal
